# This file was autogenerated by Stack.
# You should not edit this file by hand.
# For more information, please see the documentation at:
#   https://docs.haskellstack.org/en/stable/lock_files

packages:
- completed:
    hackage: animate-0.7.0@sha256:5794ef071baed7ab3e9d4b5a9ada8490131d986c7c5e41643520ae6424bcf13c,1712
    pantry-tree:
      size: 485
      sha256: e7548b2814033dc029b2132c8f503cc46331cab486ed6bb7a3e9232188059c59
  original:
    hackage: animate-0.7.0@sha256:5794ef071baed7ab3e9d4b5a9ada8490131d986c7c5e41643520ae6424bcf13c,1712
- completed:
    hackage: key-state-0.2.0@sha256:db4c798d81323183660753d0ca4a5b9e71206aa901abe5c6169022b48408cce9,1345
    pantry-tree:
      size: 476
      sha256: 268aaff44dd811cfcd6a19d3d411c78f58508b4ece545570efad0ce136e13b43
  original:
    hackage: key-state-0.2.0@sha256:db4c798d81323183660753d0ca4a5b9e71206aa901abe5c6169022b48408cce9,1345
- completed:
    size: 8689
    url: https://github.com/haskell-game-archives/sdl2-image/archive/f9dc78083252d2e71d51a6474a94e8b8686a9018.tar.gz
    name: sdl2-image
    version: 2.0.1
    sha256: 05bc987b548d58d598496abecbe3e34aa7eaa3a69b8a3a71e599e7ce77236d60
    pantry-tree:
      size: 765
      sha256: 6bd819592173d8effce4aa088f43d05a7643fcbd9ac8a2bd1d5b4ec2fd6a88d7
  original:
    url: https://github.com/haskell-game-archives/sdl2-image/archive/f9dc78083252d2e71d51a6474a94e8b8686a9018.tar.gz
- completed:
    size: 20018
    url: https://github.com/haskell-game-archives/sdl2-mixer/archive/568064ce491ff88ef4d73fded1cb7d1b0e44848a.tar.gz
    name: sdl2-mixer
    version: 1.1.1
    sha256: abb4ada6fc22767905ec9baba12f5979ca0e79869324346214f7681654089272
    pantry-tree:
      size: 1057
      sha256: 42fe8aabba54c77273a0f63ec14d594a5b005b954b3080f2308f20cc03a4c349
  original:
    url: https://github.com/haskell-game-archives/sdl2-mixer/archive/568064ce491ff88ef4d73fded1cb7d1b0e44848a.tar.gz
snapshots:
- completed:
    size: 540164
    url: https://raw.githubusercontent.com/commercialhaskell/stackage-snapshots/master/nightly/2021/7/4.yaml
    sha256: 195e3e9394de03e724525e210f82e30c4488f7c8a09fc70850d75d8b79332993
  original: nightly-2021-07-04
